
Microsoft Visual Studio Solution File, Format Version 12.00
# Visual Studio Version 17
VisualStudioVersion = 17.12.35527.113
MinimumVisualStudioVersion = 10.0.40219.1
Project("{2150E333-8FDC-42A3-9474-1A3956D46DE8}") = "Task0", "Task0", "{906B86B1-11D7-41CB-B352-0951355342EB}"
EndProject
Project("{FAE04EC0-301F-11D3-BF4B-00C04F79EFBC}") = "Tyuiu.ZainetdinovRA.Sprint6.Task0.V5.Lib", "Tyuiu.ZainetdinovRA.Sprint6.Task0.V5.Lib\Tyuiu.ZainetdinovRA.Sprint6.Task0.V5.Lib.csproj", "{38E8E290-0857-4C82-973C-FB6EA8E642C7}"
EndProject
Project("{FAE04EC0-301F-11D3-BF4B-00C04F79EFBC}") = "Tyuiu.ZainetdinovRA.Sprint6.Task0.V5.Test", "Tyuiu.ZainetdinovRA.Sprint6.Task0.V5.Test\Tyuiu.ZainetdinovRA.Sprint6.Task0.V5.Test.csproj", "{94BAE13C-3AC7-4736-A9AE-44CE41D820A2}"
EndProject
Project("{FAE04EC0-301F-11D3-BF4B-00C04F79EFBC}") = "Tyuiu.ZainetdinovRA.Sprint6.Task0.V5", "Tyuiu.ZainetdinovRA.Sprint6.Task0.V5\Tyuiu.ZainetdinovRA.Sprint6.Task0.V5.csproj", "{6A101689-756F-4FC2-A8DD-8BAB10EE9573}"
EndProject
Project("{2150E333-8FDC-42A3-9474-1A3956D46DE8}") = "Task1", "Task1", "{C4615BDB-A25E-40A9-B460-040661CADA10}"
EndProject
Project("{FAE04EC0-301F-11D3-BF4B-00C04F79EFBC}") = "Tyuiu.ZainetdinovRA.Sprint6.Task1.V22.Test", "Tyuiu.ZainetdinovRA.Sprint6.Task1.V22.Test\Tyuiu.ZainetdinovRA.Sprint6.Task1.V22.Test.csproj", "{A8EA11C2-1015-4138-B342-584D44C16C42}"
EndProject
Project("{FAE04EC0-301F-11D3-BF4B-00C04F79EFBC}") = "Tyuiu.ZainetdinovRA.Sprint6.Task1.V22.Lib", "Tyuiu.ZainetdinovRA.Sprint6.Task1.V22.Lib\Tyuiu.ZainetdinovRA.Sprint6.Task1.V22.Lib.csproj", "{6E17F707-DA5D-48A7-BBEC-B3BEB0657D6E}"
EndProject
Project("{FAE04EC0-301F-11D3-BF4B-00C04F79EFBC}") = "Tyuiu.ZainetdinovRA.Sprint6.Task1.V22", "Tyuiu.ZainetdinovRA.Sprint6.Task1.V22\Tyuiu.ZainetdinovRA.Sprint6.Task1.V22.csproj", "{A14F8EA8-05E9-4F66-AAF2-1E8B8C029528}"
EndProject
Global
	GlobalSection(SolutionConfigurationPlatforms) = preSolution
		Debug|Any CPU = Debug|Any CPU
		Release|Any CPU = Release|Any CPU
	EndGlobalSection
	GlobalSection(ProjectConfigurationPlatforms) = postSolution
		{38E8E290-0857-4C82-973C-FB6EA8E642C7}.Debug|Any CPU.ActiveCfg = Debug|Any CPU
		{38E8E290-0857-4C82-973C-FB6EA8E642C7}.Debug|Any CPU.Build.0 = Debug|Any CPU
		{38E8E290-0857-4C82-973C-FB6EA8E642C7}.Release|Any CPU.ActiveCfg = Release|Any CPU
		{38E8E290-0857-4C82-973C-FB6EA8E642C7}.Release|Any CPU.Build.0 = Release|Any CPU
		{94BAE13C-3AC7-4736-A9AE-44CE41D820A2}.Debug|Any CPU.ActiveCfg = Debug|Any CPU
		{94BAE13C-3AC7-4736-A9AE-44CE41D820A2}.Debug|Any CPU.Build.0 = Debug|Any CPU
		{94BAE13C-3AC7-4736-A9AE-44CE41D820A2}.Release|Any CPU.ActiveCfg = Release|Any CPU
		{94BAE13C-3AC7-4736-A9AE-44CE41D820A2}.Release|Any CPU.Build.0 = Release|Any CPU
		{6A101689-756F-4FC2-A8DD-8BAB10EE9573}.Debug|Any CPU.ActiveCfg = Debug|Any CPU
		{6A101689-756F-4FC2-A8DD-8BAB10EE9573}.Debug|Any CPU.Build.0 = Debug|Any CPU
		{6A101689-756F-4FC2-A8DD-8BAB10EE9573}.Release|Any CPU.ActiveCfg = Release|Any CPU
		{6A101689-756F-4FC2-A8DD-8BAB10EE9573}.Release|Any CPU.Build.0 = Release|Any CPU
		{A8EA11C2-1015-4138-B342-584D44C16C42}.Debug|Any CPU.ActiveCfg = Debug|Any CPU
		{A8EA11C2-1015-4138-B342-584D44C16C42}.Debug|Any CPU.Build.0 = Debug|Any CPU
		{A8EA11C2-1015-4138-B342-584D44C16C42}.Release|Any CPU.ActiveCfg = Release|Any CPU
		{A8EA11C2-1015-4138-B342-584D44C16C42}.Release|Any CPU.Build.0 = Release|Any CPU
		{6E17F707-DA5D-48A7-BBEC-B3BEB0657D6E}.Debug|Any CPU.ActiveCfg = Debug|Any CPU
		{6E17F707-DA5D-48A7-BBEC-B3BEB0657D6E}.Debug|Any CPU.Build.0 = Debug|Any CPU
		{6E17F707-DA5D-48A7-BBEC-B3BEB0657D6E}.Release|Any CPU.ActiveCfg = Release|Any CPU
		{6E17F707-DA5D-48A7-BBEC-B3BEB0657D6E}.Release|Any CPU.Build.0 = Release|Any CPU
		{A14F8EA8-05E9-4F66-AAF2-1E8B8C029528}.Debug|Any CPU.ActiveCfg = Debug|Any CPU
		{A14F8EA8-05E9-4F66-AAF2-1E8B8C029528}.Debug|Any CPU.Build.0 = Debug|Any CPU
		{A14F8EA8-05E9-4F66-AAF2-1E8B8C029528}.Release|Any CPU.ActiveCfg = Release|Any CPU
		{A14F8EA8-05E9-4F66-AAF2-1E8B8C029528}.Release|Any CPU.Build.0 = Release|Any CPU
	EndGlobalSection
	GlobalSection(SolutionProperties) = preSolution
		HideSolutionNode = FALSE
	EndGlobalSection
	GlobalSection(NestedProjects) = preSolution
		{38E8E290-0857-4C82-973C-FB6EA8E642C7} = {906B86B1-11D7-41CB-B352-0951355342EB}
		{94BAE13C-3AC7-4736-A9AE-44CE41D820A2} = {906B86B1-11D7-41CB-B352-0951355342EB}
		{6A101689-756F-4FC2-A8DD-8BAB10EE9573} = {906B86B1-11D7-41CB-B352-0951355342EB}
		{A8EA11C2-1015-4138-B342-584D44C16C42} = {C4615BDB-A25E-40A9-B460-040661CADA10}
		{6E17F707-DA5D-48A7-BBEC-B3BEB0657D6E} = {C4615BDB-A25E-40A9-B460-040661CADA10}
		{A14F8EA8-05E9-4F66-AAF2-1E8B8C029528} = {C4615BDB-A25E-40A9-B460-040661CADA10}
	EndGlobalSection
EndGlobal
